{
  "name": "fis-static",
  "version": "1.0.0",
  "lockfileVersion": 1,
  "requires": true,
  "dependencies": {
    "async-validator": {
      "version": "1.6.9",
      "resolved": "http://192.168.1.100:8082/repository/all-npm/async-validator/-/async-validator-1.6.9.tgz",
      "integrity": "sha1-qDCdqouDQhzb1GKOAm1quyUZLTQ="
    },
    "babel-helper-vue-jsx-merge-props": {
      "version": "2.0.2",
      "resolved": "http://192.168.1.100:8082/repository/all-npm/babel-helper-vue-jsx-merge-props/-/babel-helper-vue-jsx-merge-props-2.0.2.tgz",
      "integrity": "sha1-rOscNzWIJ54nVeoc/TXCI5T9M/g="
    },
    "babel-polyfill": {
      "version": "6.26.0",
      "resolved": "http://192.168.1.100:8082/repository/all-npm/babel-polyfill/-/babel-polyfill-6.26.0.tgz",
      "integrity": "sha1-N5k3q8Z9eJWXCtxiHyhM2WbPIVM=",
      "requires": {
        "babel-runtime": "6.26.0",
        "core-js": "2.5.1",
        "regenerator-runtime": "0.10.5"
      }
    },
    "babel-runtime": {
      "version": "6.26.0",
      "resolved": "http://registry.npm.taobao.org/babel-runtime/download/babel-runtime-6.26.0.tgz",
      "integrity": "sha1-llxwWGaOgrVde/4E/yM3vItWR/4=",
      "requires": {
        "core-js": "2.5.1",
        "regenerator-runtime": "0.11.0"
      },
      "dependencies": {
        "regenerator-runtime": {
          "version": "0.11.0",
          "resolved": "http://registry.npm.taobao.org/regenerator-runtime/download/regenerator-runtime-0.11.0.tgz",
          "integrity": "sha1-flT+W1zNXWYk6mJVw0c74JC4AuE="
        }
      }
    },
    "core-js": {
      "version": "2.5.1",
      "resolved": "http://registry.npm.taobao.org/core-js/download/core-js-2.5.1.tgz",
      "integrity": "sha1-rmh03GaTd4m4B1T/VCjfZoGcpQs="
    },
    "deepmerge": {
      "version": "1.5.2",
      "resolved": "http://registry.npm.taobao.org/deepmerge/download/deepmerge-1.5.2.tgz",
      "integrity": "sha1-EEmdhohEza1P7ghC34x/bwyVp1M="
    },
    "element-ui": {
      "version": "1.4.6",
      "resolved": "http://registry.npm.taobao.org/element-ui/download/element-ui-1.4.6.tgz",
      "integrity": "sha1-L09xj7OxLyPvZQglGt+ugNf4F5M=",
      "requires": {
        "async-validator": "1.6.9",
        "babel-helper-vue-jsx-merge-props": "2.0.2",
        "deepmerge": "1.5.2",
        "throttle-debounce": "1.0.1"
      }
    },
    "process": {
      "version": "0.11.10",
      "resolved": "https://registry.npmjs.org/process/-/process-0.11.10.tgz",
      "integrity": "sha1-czIwDoQBYb2j5podHZGn1LwW8YI="
    },
    "pzvue-checkbox": {
      "version": "0.9.8",
      "resolved": "http://192.168.1.100:8082/repository/all-npm/pzvue-checkbox/-/pzvue-checkbox-0.9.8.tgz",
      "integrity": "sha1-YzZ/BiPBY6zMtBmuf8/Ez0Dtxro=",
      "requires": {
        "vue": "2.4.4"
      }
    },
    "regenerator-runtime": {
      "version": "0.10.5",
      "resolved": "http://registry.npm.taobao.org/regenerator-runtime/download/regenerator-runtime-0.10.5.tgz",
      "integrity": "sha1-M2w+/BIgrc7dosn6tntaeVWjNlg="
    },
    "throttle-debounce": {
      "version": "1.0.1",
      "resolved": "http://192.168.1.100:8082/repository/all-npm/throttle-debounce/-/throttle-debounce-1.0.1.tgz",
      "integrity": "sha1-2tD+Ew+drzcZ/eoz3Dao5rp/MLU="
    },
    "uuid": {
      "version": "3.1.0",
      "resolved": "http://192.168.1.100:8082/repository/all-npm/uuid/-/uuid-3.1.0.tgz",
      "integrity": "sha1-PdPT55Crwk17DToDT/q6vijrvAQ="
    },
    "vue": {
      "version": "2.4.4",
      "resolved": "http://192.168.1.100:8082/repository/all-npm/vue/-/vue-2.4.4.tgz",
      "integrity": "sha1-6pVQuWpxRl/SuLF7YWc7NWGGF4k="
    },
    "vue-layer": {
      "version": "0.7.2",
      "resolved": "http://192.168.1.100:8082/repository/all-npm/vue-layer/-/vue-layer-0.7.2.tgz",
      "integrity": "sha1-nU/UMfZK5/ONUZgvj9+Uq1rScKQ=",
      "requires": {
        "vue": "2.4.4"
      },
      "dependencies": {
        "vue": {
          "version": "2.4.4",
          "resolved": "http://192.168.1.100:8082/repository/all-npm/vue/-/vue-2.4.4.tgz",
          "integrity": "sha1-6pVQuWpxRl/SuLF7YWc7NWGGF4k="
        }
      }
    },
    "vue-router": {
      "version": "2.7.0",
      "resolved": "http://registry.npm.taobao.org/vue-router/download/vue-router-2.7.0.tgz",
      "integrity": "sha1-FtQkSTqlHDyMzot8chDqTDqJr/E="
    }
  }
}
