{
  "name": "fis-static",
  "version": "1.0.0",
  "lockfileVersion": 1,
  "requires": true,
  "dependencies": {
    "async-validator": {
      "version": "1.6.9",
      "resolved": "http://192.168.1.100:8082/repository/all-npm/async-validator/-/async-validator-1.6.9.tgz",
      "integrity": "sha1-qDCdqouDQhzb1GKOAm1quyUZLTQ="
    },
    "babel-helper-vue-jsx-merge-props": {
      "version": "2.0.2",
      "resolved": "http://192.168.1.100:8082/repository/all-npm/babel-helper-vue-jsx-merge-props/-/babel-helper-vue-jsx-merge-props-2.0.2.tgz",
      "integrity": "sha1-rOscNzWIJ54nVeoc/TXCI5T9M/g="
    },
    "deepmerge": {
      "version": "1.5.1",
      "resolved": "http://192.168.1.100:8082/repository/all-npm/deepmerge/-/deepmerge-1.5.1.tgz",
      "integrity": "sha1-wFO/Bv1ydvGZT3DAmgdgy2GlYjc="
    },
    "element-ui": {
      "version": "1.4.4",
      "resolved": "http://192.168.1.100:8082/repository/all-npm/element-ui/-/element-ui-1.4.4.tgz",
      "integrity": "sha1-y8sL820Gt+nIzv20UU0tClCkpts=",
      "requires": {
        "async-validator": "1.6.9",
        "babel-helper-vue-jsx-merge-props": "2.0.2",
        "deepmerge": "1.5.1",
        "throttle-debounce": "1.0.1"
      }
    },
    "process": {
      "version": "0.11.10",
      "resolved": "https://registry.npmjs.org/process/-/process-0.11.10.tgz",
      "integrity": "sha1-czIwDoQBYb2j5podHZGn1LwW8YI="
    },
    "throttle-debounce": {
      "version": "1.0.1",
      "resolved": "http://192.168.1.100:8082/repository/all-npm/throttle-debounce/-/throttle-debounce-1.0.1.tgz",
      "integrity": "sha1-2tD+Ew+drzcZ/eoz3Dao5rp/MLU="
    },
    "uuid": {
      "version": "3.1.0",
      "resolved": "http://192.168.1.100:8082/repository/all-npm/uuid/-/uuid-3.1.0.tgz",
      "integrity": "sha1-PdPT55Crwk17DToDT/q6vijrvAQ="
    },
    "vue": {
      "version": "2.4.4",
      "resolved": "http://192.168.1.100:8082/repository/all-npm/vue/-/vue-2.4.4.tgz",
      "integrity": "sha1-6pVQuWpxRl/SuLF7YWc7NWGGF4k="
    },
    "vue-layer": {
      "version": "0.7.2",
      "resolved": "http://192.168.1.100:8082/repository/all-npm/vue-layer/-/vue-layer-0.7.2.tgz",
      "integrity": "sha1-nU/UMfZK5/ONUZgvj9+Uq1rScKQ=",
      "requires": {
        "vue": "2.4.4"
      },
      "dependencies": {
        "vue": {
          "version": "2.4.4",
          "resolved": "http://192.168.1.100:8082/repository/all-npm/vue/-/vue-2.4.4.tgz",
          "integrity": "sha1-6pVQuWpxRl/SuLF7YWc7NWGGF4k="
        }
      }
    }
  }
}
